
Microsoft Visual Studio Solution File, Format Version 12.00
# Visual Studio Version 17
VisualStudioVersion = 17.6.33723.286
MinimumVisualStudioVersion = 10.0.40219.1
Project("{FAE04EC0-301F-11D3-BF4B-00C04F79EFBC}") = "Advance_Form", "Advance_Form.csproj", "{D00F281D-F55A-461B-B745-2FBBF5B747AF}"
EndProject
Global
	GlobalSection(SolutionConfigurationPlatforms) = preSolution
		Debug|Any CPU = Debug|Any CPU
		Release|Any CPU = Release|Any CPU
	EndGlobalSection
	GlobalSection(ProjectConfigurationPlatforms) = postSolution
		{D00F281D-F55A-461B-B745-2FBBF5B747AF}.Debug|Any CPU.ActiveCfg = Debug|Any CPU
		{D00F281D-F55A-461B-B745-2FBBF5B747AF}.Debug|Any CPU.Build.0 = Debug|Any CPU
		{D00F281D-F55A-461B-B745-2FBBF5B747AF}.Release|Any CPU.ActiveCfg = Release|Any CPU
		{D00F281D-F55A-461B-B745-2FBBF5B747AF}.Release|Any CPU.Build.0 = Release|Any CPU
	EndGlobalSection
	GlobalSection(SolutionProperties) = preSolution
		HideSolutionNode = FALSE
	EndGlobalSection
	GlobalSection(ExtensibilityGlobals) = postSolution
		SolutionGuid = {D9DD94EE-37AC-4115-B995-B31F6D49128D}
	EndGlobalSection
EndGlobal
